
Microsoft Visual Studio Solution File, Format Version 12.00
# Visual Studio Version 16
VisualStudioVersion = 16.0.30804.86
MinimumVisualStudioVersion = 10.0.40219.1
Project("{F2A71F9B-5D33-465A-A702-920D77279786}") = "Graphite.Core", "Graphite.Core\Graphite.Core.fsproj", "{9EB4A815-307F-4615-936E-3312A7AAFA9D}"
EndProject
Project("{F2A71F9B-5D33-465A-A702-920D77279786}") = "Graphite.HumanReadable", "Graphite.HumanReadable\Graphite.HumanReadable.fsproj", "{976E2D15-6303-42CF-A8D9-BBF3EB8BDBC0}"
EndProject
Project("{F2A71F9B-5D33-465A-A702-920D77279786}") = "Graphite.Demo", "Graphite.Demo\Graphite.Demo.fsproj", "{D622E567-736A-4E7A-ADAA-EA07227F0FB2}"
EndProject
Global
	GlobalSection(SolutionConfigurationPlatforms) = preSolution
		Debug|Any CPU = Debug|Any CPU
		Release|Any CPU = Release|Any CPU
	EndGlobalSection
	GlobalSection(ProjectConfigurationPlatforms) = postSolution
		{9EB4A815-307F-4615-936E-3312A7AAFA9D}.Debug|Any CPU.ActiveCfg = Debug|Any CPU
		{9EB4A815-307F-4615-936E-3312A7AAFA9D}.Debug|Any CPU.Build.0 = Debug|Any CPU
		{9EB4A815-307F-4615-936E-3312A7AAFA9D}.Release|Any CPU.ActiveCfg = Release|Any CPU
		{9EB4A815-307F-4615-936E-3312A7AAFA9D}.Release|Any CPU.Build.0 = Release|Any CPU
		{976E2D15-6303-42CF-A8D9-BBF3EB8BDBC0}.Debug|Any CPU.ActiveCfg = Debug|Any CPU
		{976E2D15-6303-42CF-A8D9-BBF3EB8BDBC0}.Debug|Any CPU.Build.0 = Debug|Any CPU
		{976E2D15-6303-42CF-A8D9-BBF3EB8BDBC0}.Release|Any CPU.ActiveCfg = Release|Any CPU
		{976E2D15-6303-42CF-A8D9-BBF3EB8BDBC0}.Release|Any CPU.Build.0 = Release|Any CPU
		{D622E567-736A-4E7A-ADAA-EA07227F0FB2}.Debug|Any CPU.ActiveCfg = Debug|Any CPU
		{D622E567-736A-4E7A-ADAA-EA07227F0FB2}.Debug|Any CPU.Build.0 = Debug|Any CPU
		{D622E567-736A-4E7A-ADAA-EA07227F0FB2}.Release|Any CPU.ActiveCfg = Release|Any CPU
		{D622E567-736A-4E7A-ADAA-EA07227F0FB2}.Release|Any CPU.Build.0 = Release|Any CPU
	EndGlobalSection
	GlobalSection(SolutionProperties) = preSolution
		HideSolutionNode = FALSE
	EndGlobalSection
	GlobalSection(ExtensibilityGlobals) = postSolution
		SolutionGuid = {C6C09EE8-C934-4856-9BBC-FDF43328ED92}
	EndGlobalSection
EndGlobal
